Microsoft Visual Studio Solution File, Format Version 12.00
# Visual Studio Version 17
VisualStudioVersion = 17.0.31611.283
MinimumVisualStudioVersion = 10.0.40219.1
Project("{9A19103F-16F7-4668-BE54-9A1E7A4F7556}") = "Ecommerce.Frontend", "Ecommerce.Frontend\Ecommerce.Frontend.csproj", "{3D63758E-497F-4DB2-9039-75F06D1A4499}"
EndProject
Project("{FAE04EC0-301F-11D3-BF4B-00C04F79EFBC}") = "Ecommerce.API", "Ecommerce.API\Ecommerce.API.csproj", "{49CF337C-FF80-48D5-9E05-358BEA664FFE}"
EndProject
Global
	GlobalSection(SolutionConfigurationPlatforms) = preSolution
		Debug|Any CPU = Debug|Any CPU
		Release|Any CPU = Release|Any CPU
	EndGlobalSection
	GlobalSection(ProjectConfigurationPlatforms) = postSolution
		{3D63758E-497F-4DB2-9039-75F06D1A4499}.Debug|Any CPU.ActiveCfg = Debug|Any CPU
		{3D63758E-497F-4DB2-9039-75F06D1A4499}.Debug|Any CPU.Build.0 = Debug|Any CPU
		{3D63758E-497F-4DB2-9039-75F06D1A4499}.Debug|Any CPU.Deploy.0 = Debug|Any CPU
		{3D63758E-497F-4DB2-9039-75F06D1A4499}.Release|Any CPU.ActiveCfg = Release|Any CPU
		{3D63758E-497F-4DB2-9039-75F06D1A4499}.Release|Any CPU.Build.0 = Release|Any CPU
		{3D63758E-497F-4DB2-9039-75F06D1A4499}.Release|Any CPU.Deploy.0 = Release|Any CPU
		{49CF337C-FF80-48D5-9E05-358BEA664FFE}.Debug|Any CPU.ActiveCfg = Debug|Any CPU
		{49CF337C-FF80-48D5-9E05-358BEA664FFE}.Debug|Any CPU.Build.0 = Debug|Any CPU
		{49CF337C-FF80-48D5-9E05-358BEA664FFE}.Release|Any CPU.ActiveCfg = Release|Any CPU
		{49CF337C-FF80-48D5-9E05-358BEA664FFE}.Release|Any CPU.Build.0 = Release|Any CPU
	EndGlobalSection
	GlobalSection(SolutionProperties) = preSolution
		HideSolutionNode = FALSE
	EndGlobalSection
	GlobalSection(ExtensibilityGlobals) = postSolution
		        SolutionGuid = {61F7FB11-1E47-470C-91E2-47F8143E1572}
		SolutionGuid = {7FC6FC13-A0E2-411D-A6A3-8C61CF6C8C34}
	EndGlobalSection
EndGlobal
